
Microsoft Visual Studio Solution File, Format Version 12.00
# Visual Studio Version 16
VisualStudioVersion = 16.0.29020.237
MinimumVisualStudioVersion = 10.0.40219.1
Project("{FAE04EC0-301F-11D3-BF4B-00C04F79EFBC}") = "scratchpaper2a", "scratchpaper2a\scratchpaper2a.csproj", "{D417CEA3-DAD1-4D64-A0C2-C25E3AF747E2}"
EndProject
Global
	GlobalSection(SolutionConfigurationPlatforms) = preSolution
		Debug|Any CPU = Debug|Any CPU
		Release|Any CPU = Release|Any CPU
	EndGlobalSection
	GlobalSection(ProjectConfigurationPlatforms) = postSolution
		{D417CEA3-DAD1-4D64-A0C2-C25E3AF747E2}.Debug|Any CPU.ActiveCfg = Debug|Any CPU
		{D417CEA3-DAD1-4D64-A0C2-C25E3AF747E2}.Debug|Any CPU.Build.0 = Debug|Any CPU
		{D417CEA3-DAD1-4D64-A0C2-C25E3AF747E2}.Release|Any CPU.ActiveCfg = Release|Any CPU
		{D417CEA3-DAD1-4D64-A0C2-C25E3AF747E2}.Release|Any CPU.Build.0 = Release|Any CPU
	EndGlobalSection
	GlobalSection(SolutionProperties) = preSolution
		HideSolutionNode = FALSE
	EndGlobalSection
	GlobalSection(ExtensibilityGlobals) = postSolution
		SolutionGuid = {CF6C0159-1E5F-4B80-B400-DC5DCD5B0F16}
	EndGlobalSection
EndGlobal
